// !$*UTF8*$!
{
	archiveVersion = 1;
	classes = {
	};
	objectVersion = 55;
	objects = {

/* Begin PBXBuildFile section */
		7F41D2A128D3CEE300180695 /* GFBodyLabel.swift in Sources */ = {isa = PBXBuildFile; fileRef = 7F41D2A028D3CEE300180695 /* GFBodyLabel.swift */; };
		7F41D2A328D3CF9B00180695 /* GFAlertVC.swift in Sources */ = {isa = PBXBuildFile; fileRef = 7F41D2A228D3CF9B00180695 /* GFAlertVC.swift */; };
		7F41D2A528D3D5B400180695 /* UIViewController+ Ext.swift in Sources */ = {isa = PBXBuildFile; fileRef = 7F41D2A428D3D5B400180695 /* UIViewController+ Ext.swift */; };
		7F67E4B628DF39AA0074A0A1 /* GFEmptyStateView.swift in Sources */ = {isa = PBXBuildFile; fileRef = 7F67E4B528DF39AA0074A0A1 /* GFEmptyStateView.swift */; };
		7F67E4B828DF52080074A0A1 /* UserInfoVC.swift in Sources */ = {isa = PBXBuildFile; fileRef = 7F67E4B728DF52080074A0A1 /* UserInfoVC.swift */; };
		7F67E4BA28DF6EED0074A0A1 /* User.swift in Sources */ = {isa = PBXBuildFile; fileRef = 7F67E4B928DF6EED0074A0A1 /* User.swift */; };
		7F67E4BC28E075EF0074A0A1 /* GFUserInfoHeaderVC.swift in Sources */ = {isa = PBXBuildFile; fileRef = 7F67E4BB28E075EF0074A0A1 /* GFUserInfoHeaderVC.swift */; };
		7F67E4BE28E076620074A0A1 /* GFSecondaryTitleLabel.swift in Sources */ = {isa = PBXBuildFile; fileRef = 7F67E4BD28E076620074A0A1 /* GFSecondaryTitleLabel.swift */; };
		7F6971C228E7706500B7E6D7 /* PersitenceManger.swift in Sources */ = {isa = PBXBuildFile; fileRef = 7F6971C128E7706500B7E6D7 /* PersitenceManger.swift */; };
		7F6971C428E781DD00B7E6D7 /* FavoriteCell.swift in Sources */ = {isa = PBXBuildFile; fileRef = 7F6971C328E781DD00B7E6D7 /* FavoriteCell.swift */; };
		7F6971C928E798D200B7E6D7 /* GFTabBarController.swift in Sources */ = {isa = PBXBuildFile; fileRef = 7F6971C828E798D200B7E6D7 /* GFTabBarController.swift */; };
		7F6971CB28E7A4CF00B7E6D7 /* GFAlertContainerView.swift in Sources */ = {isa = PBXBuildFile; fileRef = 7F6971CA28E7A4CF00B7E6D7 /* GFAlertContainerView.swift */; };
		7F6971CD28E7AD8F00B7E6D7 /* GFDataLoadingVC.swift in Sources */ = {isa = PBXBuildFile; fileRef = 7F6971CC28E7AD8F00B7E6D7 /* GFDataLoadingVC.swift */; };
		7F7752B328D7B99500CEDD24 /* FollowerCell.swift in Sources */ = {isa = PBXBuildFile; fileRef = 7F7752B228D7B99500CEDD24 /* FollowerCell.swift */; };
		7F7752B528D7BA3500CEDD24 /* AvatarImageView.swift in Sources */ = {isa = PBXBuildFile; fileRef = 7F7752B428D7BA3500CEDD24 /* AvatarImageView.swift */; };
		7F852CD128D9DF660052559D /* HelperUI.swift in Sources */ = {isa = PBXBuildFile; fileRef = 7F852CD028D9DF660052559D /* HelperUI.swift */; };
		7FA74A9828D281EE0063B584 /* GFButton.swift in Sources */ = {isa = PBXBuildFile; fileRef = 7FA74A9728D281EE0063B584 /* GFButton.swift */; };
		7FA74A9A28D2852E0063B584 /* GFTextField.swift in Sources */ = {isa = PBXBuildFile; fileRef = 7FA74A9928D2852E0063B584 /* GFTextField.swift */; };
		7FA74A9C28D293700063B584 /* FollowerListVC.swift in Sources */ = {isa = PBXBuildFile; fileRef = 7FA74A9B28D293700063B584 /* FollowerListVC.swift */; };
		7FA74A9E28D2A10F0063B584 /* GFTitleLabel.swift in Sources */ = {isa = PBXBuildFile; fileRef = 7FA74A9D28D2A10F0063B584 /* GFTitleLabel.swift */; };
		7FCB022728D12E3100170919 /* AppDelegate.swift in Sources */ = {isa = PBXBuildFile; fileRef = 7FCB022628D12E3100170919 /* AppDelegate.swift */; };
		7FCB022928D12E3100170919 /* SceneDelegate.swift in Sources */ = {isa = PBXBuildFile; fileRef = 7FCB022828D12E3100170919 /* SceneDelegate.swift */; };
		7FCB023028D12E3300170919 /* Assets.xcassets in Resources */ = {isa = PBXBuildFile; fileRef = 7FCB022F28D12E3300170919 /* Assets.xcassets */; };
		7FCB023328D12E3300170919 /* LaunchScreen.storyboard in Resources */ = {isa = PBXBuildFile; fileRef = 7FCB023128D12E3300170919 /* LaunchScreen.storyboard */; };
		7FCB023E28D1343900170919 /* SearchVC.swift in Sources */ = {isa = PBXBuildFile; fileRef = 7FCB023D28D1343900170919 /* SearchVC.swift */; };
		7FCB024028D1346500170919 /* FavoritesVC.swift in Sources */ = {isa = PBXBuildFile; fileRef = 7FCB023F28D1346500170919 /* FavoritesVC.swift */; };
		7FD27F6528E0ED6E00853CDC /* GFItemInfoView.swift in Sources */ = {isa = PBXBuildFile; fileRef = 7FD27F6428E0ED6E00853CDC /* GFItemInfoView.swift */; };
		7FD27F6728E0FA7E00853CDC /* Constant.swift in Sources */ = {isa = PBXBuildFile; fileRef = 7FD27F6628E0FA7E00853CDC /* Constant.swift */; };
		7FD27F6928E1E53300853CDC /* GFItemInfoVC.swift in Sources */ = {isa = PBXBuildFile; fileRef = 7FD27F6828E1E53300853CDC /* GFItemInfoVC.swift */; };
		7FD27F6B28E1F19B00853CDC /* GFRepoItemVC.swift in Sources */ = {isa = PBXBuildFile; fileRef = 7FD27F6A28E1F19B00853CDC /* GFRepoItemVC.swift */; };
		7FD27F6D28E1F6F900853CDC /* GFFollowerItemVC.swift in Sources */ = {isa = PBXBuildFile; fileRef = 7FD27F6C28E1F6F900853CDC /* GFFollowerItemVC.swift */; };
		7FD27F7028E1FEB300853CDC /* Date+Ext.swift in Sources */ = {isa = PBXBuildFile; fileRef = 7FD27F6F28E1FEB300853CDC /* Date+Ext.swift */; };
		7FEE742D28D5E01400C43D58 /* NetworkManger.swift in Sources */ = {isa = PBXBuildFile; fileRef = 7FEE742C28D5E01400C43D58 /* NetworkManger.swift */; };
		7FEE742F28D5E30000C43D58 /* Follower.swift in Sources */ = {isa = PBXBuildFile; fileRef = 7FEE742E28D5E30000C43D58 /* Follower.swift */; };
		7FEE743228D5E4EC00C43D58 /* ErrorMessage.swift in Sources */ = {isa = PBXBuildFile; fileRef = 7FEE743128D5E4EC00C43D58 /* ErrorMessage.swift */; };
/* End PBXBuildFile section */

/* Begin PBXFileReference section */
		7F41D2A028D3CEE300180695 /* GFBodyLabel.swift */ = {isa = PBXFileReference; lastKnownFileType = sourcecode.swift; path = GFBodyLabel.swift; sourceTree = "<group>"; };
		7F41D2A228D3CF9B00180695 /* GFAlertVC.swift */ = {isa = PBXFileReference; lastKnownFileType = sourcecode.swift; path = GFAlertVC.swift; sourceTree = "<group>"; };
		7F41D2A428D3D5B400180695 /* UIViewController+ Ext.swift */ = {isa = PBXFileReference; lastKnownFileType = sourcecode.swift; path = "UIViewController+ Ext.swift"; sourceTree = "<group>"; };
		7F67E4B528DF39AA0074A0A1 /* GFEmptyStateView.swift */ = {isa = PBXFileReference; lastKnownFileType = sourcecode.swift; path = GFEmptyStateView.swift; sourceTree = "<group>"; };
		7F67E4B728DF52080074A0A1 /* UserInfoVC.swift */ = {isa = PBXFileReference; lastKnownFileType = sourcecode.swift; path = UserInfoVC.swift; sourceTree = "<group>"; };
		7F67E4B928DF6EED0074A0A1 /* User.swift */ = {isa = PBXFileReference; lastKnownFileType = sourcecode.swift; path = User.swift; sourceTree = "<group>"; };
		7F67E4BB28E075EF0074A0A1 /* GFUserInfoHeaderVC.swift */ = {isa = PBXFileReference; lastKnownFileType = sourcecode.swift; path = GFUserInfoHeaderVC.swift; sourceTree = "<group>"; };
		7F67E4BD28E076620074A0A1 /* GFSecondaryTitleLabel.swift */ = {isa = PBXFileReference; lastKnownFileType = sourcecode.swift; path = GFSecondaryTitleLabel.swift; sourceTree = "<group>"; };
		7F6971C128E7706500B7E6D7 /* PersitenceManger.swift */ = {isa = PBXFileReference; lastKnownFileType = sourcecode.swift; path = PersitenceManger.swift; sourceTree = "<group>"; };
		7F6971C328E781DD00B7E6D7 /* FavoriteCell.swift */ = {isa = PBXFileReference; lastKnownFileType = sourcecode.swift; path = FavoriteCell.swift; sourceTree = "<group>"; };
		7F6971C828E798D200B7E6D7 /* GFTabBarController.swift */ = {isa = PBXFileReference; lastKnownFileType = sourcecode.swift; path = GFTabBarController.swift; sourceTree = "<group>"; };
		7F6971CA28E7A4CF00B7E6D7 /* GFAlertContainerView.swift */ = {isa = PBXFileReference; lastKnownFileType = sourcecode.swift; path = GFAlertContainerView.swift; sourceTree = "<group>"; };
		7F6971CC28E7AD8F00B7E6D7 /* GFDataLoadingVC.swift */ = {isa = PBXFileReference; lastKnownFileType = sourcecode.swift; path = GFDataLoadingVC.swift; sourceTree = "<group>"; };
		7F7752B228D7B99500CEDD24 /* FollowerCell.swift */ = {isa = PBXFileReference; lastKnownFileType = sourcecode.swift; path = FollowerCell.swift; sourceTree = "<group>"; };
		7F7752B428D7BA3500CEDD24 /* AvatarImageView.swift */ = {isa = PBXFileReference; lastKnownFileType = sourcecode.swift; path = AvatarImageView.swift; sourceTree = "<group>"; };
		7F852CD028D9DF660052559D /* HelperUI.swift */ = {isa = PBXFileReference; lastKnownFileType = sourcecode.swift; path = HelperUI.swift; sourceTree = "<group>"; };
		7FA74A9728D281EE0063B584 /* GFButton.swift */ = {isa = PBXFileReference; lastKnownFileType = sourcecode.swift; path = GFButton.swift; sourceTree = "<group>"; };
		7FA74A9928D2852E0063B584 /* GFTextField.swift */ = {isa = PBXFileReference; lastKnownFileType = sourcecode.swift; path = GFTextField.swift; sourceTree = "<group>"; };
		7FA74A9B28D293700063B584 /* FollowerListVC.swift */ = {isa = PBXFileReference; lastKnownFileType = sourcecode.swift; path = FollowerListVC.swift; sourceTree = "<group>"; };
		7FA74A9D28D2A10F0063B584 /* GFTitleLabel.swift */ = {isa = PBXFileReference; lastKnownFileType = sourcecode.swift; path = GFTitleLabel.swift; sourceTree = "<group>"; };
		7FCB022328D12E3100170919 /* GitHub.app */ = {isa = PBXFileReference; explicitFileType = wrapper.application; includeInIndex = 0; path = GitHub.app; sourceTree = BUILT_PRODUCTS_DIR; };
		7FCB022628D12E3100170919 /* AppDelegate.swift */ = {isa = PBXFileReference; lastKnownFileType = sourcecode.swift; path = AppDelegate.swift; sourceTree = "<group>"; };
		7FCB022828D12E3100170919 /* SceneDelegate.swift */ = {isa = PBXFileReference; lastKnownFileType = sourcecode.swift; path = SceneDelegate.swift; sourceTree = "<group>"; };
		7FCB022F28D12E3300170919 /* Assets.xcassets */ = {isa = PBXFileReference; lastKnownFileType = folder.assetcatalog; path = Assets.xcassets; sourceTree = "<group>"; };
		7FCB023228D12E3300170919 /* Base */ = {isa = PBXFileReference; lastKnownFileType = file.storyboard; name = Base; path = Base.lproj/LaunchScreen.storyboard; sourceTree = "<group>"; };
		7FCB023428D12E3300170919 /* Info.plist */ = {isa = PBXFileReference; lastKnownFileType = text.plist.xml; path = Info.plist; sourceTree = "<group>"; };
		7FCB023D28D1343900170919 /* SearchVC.swift */ = {isa = PBXFileReference; lastKnownFileType = sourcecode.swift; path = SearchVC.swift; sourceTree = "<group>"; };
		7FCB023F28D1346500170919 /* FavoritesVC.swift */ = {isa = PBXFileReference; lastKnownFileType = sourcecode.swift; path = FavoritesVC.swift; sourceTree = "<group>"; };
		7FD27F6428E0ED6E00853CDC /* GFItemInfoView.swift */ = {isa = PBXFileReference; lastKnownFileType = sourcecode.swift; path = GFItemInfoView.swift; sourceTree = "<group>"; };
		7FD27F6628E0FA7E00853CDC /* Constant.swift */ = {isa = PBXFileReference; lastKnownFileType = sourcecode.swift; path = Constant.swift; sourceTree = "<group>"; };
		7FD27F6828E1E53300853CDC /* GFItemInfoVC.swift */ = {isa = PBXFileReference; lastKnownFileType = sourcecode.swift; path = GFItemInfoVC.swift; sourceTree = "<group>"; };
		7FD27F6A28E1F19B00853CDC /* GFRepoItemVC.swift */ = {isa = PBXFileReference; lastKnownFileType = sourcecode.swift; path = GFRepoItemVC.swift; sourceTree = "<group>"; };
		7FD27F6C28E1F6F900853CDC /* GFFollowerItemVC.swift */ = {isa = PBXFileReference; lastKnownFileType = sourcecode.swift; path = GFFollowerItemVC.swift; sourceTree = "<group>"; };
		7FD27F6F28E1FEB300853CDC /* Date+Ext.swift */ = {isa = PBXFileReference; lastKnownFileType = sourcecode.swift; path = "Date+Ext.swift"; sourceTree = "<group>"; };
		7FEE742C28D5E01400C43D58 /* NetworkManger.swift */ = {isa = PBXFileReference; lastKnownFileType = sourcecode.swift; path = NetworkManger.swift; sourceTree = "<group>"; };
		7FEE742E28D5E30000C43D58 /* Follower.swift */ = {isa = PBXFileReference; lastKnownFileType = sourcecode.swift; path = Follower.swift; sourceTree = "<group>"; };
		7FEE743128D5E4EC00C43D58 /* ErrorMessage.swift */ = {isa = PBXFileReference; lastKnownFileType = sourcecode.swift; path = ErrorMessage.swift; sourceTree = "<group>"; };
/* End PBXFileReference section */

/* Begin PBXFrameworksBuildPhase section */
		7FCB022028D12E3100170919 /* Frameworks */ = {
			isa = PBXFrameworksBuildPhase;
			buildActionMask = 2147483647;
			files = (
			);
			runOnlyForDeploymentPostprocessing = 0;
		};
/* End PBXFrameworksBuildPhase section */

/* Begin PBXGroup section */
		7F03E5B028D3F9E30040C1AE /* Support  */ = {
			isa = PBXGroup;
			children = (
				7FCB022628D12E3100170919 /* AppDelegate.swift */,
				7FCB022828D12E3100170919 /* SceneDelegate.swift */,
				7FCB022F28D12E3300170919 /* Assets.xcassets */,
				7FCB023128D12E3300170919 /* LaunchScreen.storyboard */,
			);
			path = "Support ";
			sourceTree = "<group>";
		};
		7F03E5B128D4A18E0040C1AE /* Model */ = {
			isa = PBXGroup;
			children = (
				7FEE742E28D5E30000C43D58 /* Follower.swift */,
				7F67E4B928DF6EED0074A0A1 /* User.swift */,
			);
			path = Model;
			sourceTree = "<group>";
		};
		7F67E4AF28DF388E0074A0A1 /* Views */ = {
			isa = PBXGroup;
			children = (
				7F67E4B528DF39AA0074A0A1 /* GFEmptyStateView.swift */,
				7FD27F6428E0ED6E00853CDC /* GFItemInfoView.swift */,
				7F6971CA28E7A4CF00B7E6D7 /* GFAlertContainerView.swift */,
			);
			path = Views;
			sourceTree = "<group>";
		};
		7F67E4B028DF38930074A0A1 /* Buttons */ = {
			isa = PBXGroup;
			children = (
				7FA74A9728D281EE0063B584 /* GFButton.swift */,
			);
			path = Buttons;
			sourceTree = "<group>";
		};
		7F67E4B128DF389D0074A0A1 /* TextFields */ = {
			isa = PBXGroup;
			children = (
				7FA74A9928D2852E0063B584 /* GFTextField.swift */,
			);
			path = TextFields;
			sourceTree = "<group>";
		};
		7F67E4B228DF38AB0074A0A1 /* ViewControllers */ = {
			isa = PBXGroup;
			children = (
				7FD27F6E28E1F74A00853CDC /* ItemInfoVSs */,
				7F41D2A228D3CF9B00180695 /* GFAlertVC.swift */,
				7F67E4BB28E075EF0074A0A1 /* GFUserInfoHeaderVC.swift */,
				7F6971CC28E7AD8F00B7E6D7 /* GFDataLoadingVC.swift */,
			);
			path = ViewControllers;
			sourceTree = "<group>";
		};
		7F67E4B328DF38E50074A0A1 /* Labels */ = {
			isa = PBXGroup;
			children = (
				7FA74A9D28D2A10F0063B584 /* GFTitleLabel.swift */,
				7F41D2A028D3CEE300180695 /* GFBodyLabel.swift */,
				7F67E4BD28E076620074A0A1 /* GFSecondaryTitleLabel.swift */,
			);
			path = Labels;
			sourceTree = "<group>";
		};
		7F67E4B428DF39100074A0A1 /* ImageViews */ = {
			isa = PBXGroup;
			children = (
				7F7752B428D7BA3500CEDD24 /* AvatarImageView.swift */,
			);
			path = ImageViews;
			sourceTree = "<group>";
		};
		7F6971C528E7986D00B7E6D7 /* TabBarController */ = {
			isa = PBXGroup;
			children = (
				7F6971C828E798D200B7E6D7 /* GFTabBarController.swift */,
			);
			path = TabBarController;
			sourceTree = "<group>";
		};
		7F7752B128D7B97400CEDD24 /* Cells */ = {
			isa = PBXGroup;
			children = (
				7F7752B228D7B99500CEDD24 /* FollowerCell.swift */,
				7F6971C328E781DD00B7E6D7 /* FavoriteCell.swift */,
			);
			path = Cells;
			sourceTree = "<group>";
		};
		7F7D30C628D3F6DA0085426B /* Extentions */ = {
			isa = PBXGroup;
			children = (
				7F41D2A428D3D5B400180695 /* UIViewController+ Ext.swift */,
				7FD27F6F28E1FEB300853CDC /* Date+Ext.swift */,
			);
			path = Extentions;
			sourceTree = "<group>";
		};
		7FA74A9628D281D40063B584 /* Views */ = {
			isa = PBXGroup;
			children = (
				7F6971C528E7986D00B7E6D7 /* TabBarController */,
				7F67E4B428DF39100074A0A1 /* ImageViews */,
				7F67E4B328DF38E50074A0A1 /* Labels */,
				7F67E4B228DF38AB0074A0A1 /* ViewControllers */,
				7F67E4B128DF389D0074A0A1 /* TextFields */,
				7F67E4B028DF38930074A0A1 /* Buttons */,
				7F67E4AF28DF388E0074A0A1 /* Views */,
				7F7752B128D7B97400CEDD24 /* Cells */,
			);
			path = Views;
			sourceTree = "<group>";
		};
		7FCB021A28D12E3100170919 = {
			isa = PBXGroup;
			children = (
				7FCB022528D12E3100170919 /* GitHub */,
				7FCB022428D12E3100170919 /* Products */,
			);
			sourceTree = "<group>";
		};
		7FCB022428D12E3100170919 /* Products */ = {
			isa = PBXGroup;
			children = (
				7FCB022328D12E3100170919 /* GitHub.app */,
			);
			name = Products;
			sourceTree = "<group>";
		};
		7FCB022528D12E3100170919 /* GitHub */ = {
			isa = PBXGroup;
			children = (
				7FEE743028D5E47100C43D58 /* Utilities */,
				7FEE742B28D5DFF500C43D58 /* Managers */,
				7F7D30C628D3F6DA0085426B /* Extentions */,
				7F03E5B128D4A18E0040C1AE /* Model */,
				7FA74A9628D281D40063B584 /* Views */,
				7FCB023A28D1341200170919 /* VCs */,
				7F03E5B028D3F9E30040C1AE /* Support  */,
				7FCB023428D12E3300170919 /* Info.plist */,
			);
			path = GitHub;
			sourceTree = "<group>";
		};
		7FCB023A28D1341200170919 /* VCs */ = {
			isa = PBXGroup;
			children = (
				7FCB023D28D1343900170919 /* SearchVC.swift */,
				7FCB023F28D1346500170919 /* FavoritesVC.swift */,
				7FA74A9B28D293700063B584 /* FollowerListVC.swift */,
				7F67E4B728DF52080074A0A1 /* UserInfoVC.swift */,
			);
			path = VCs;
			sourceTree = "<group>";
		};
		7FD27F6E28E1F74A00853CDC /* ItemInfoVSs */ = {
			isa = PBXGroup;
			children = (
				7FD27F6828E1E53300853CDC /* GFItemInfoVC.swift */,
				7FD27F6A28E1F19B00853CDC /* GFRepoItemVC.swift */,
				7FD27F6C28E1F6F900853CDC /* GFFollowerItemVC.swift */,
			);
			path = ItemInfoVSs;
			sourceTree = "<group>";
		};
		7FEE742B28D5DFF500C43D58 /* Managers */ = {
			isa = PBXGroup;
			children = (
				7FEE742C28D5E01400C43D58 /* NetworkManger.swift */,
				7F6971C128E7706500B7E6D7 /* PersitenceManger.swift */,
			);
			path = Managers;
			sourceTree = "<group>";
		};
		7FEE743028D5E47100C43D58 /* Utilities */ = {
			isa = PBXGroup;
			children = (
				7FEE743128D5E4EC00C43D58 /* ErrorMessage.swift */,
				7F852CD028D9DF660052559D /* HelperUI.swift */,
				7FD27F6628E0FA7E00853CDC /* Constant.swift */,
			);
			path = Utilities;
			sourceTree = "<group>";
		};
/* End PBXGroup section */

/* Begin PBXNativeTarget section */
		7FCB022228D12E3100170919 /* GitHub */ = {
			isa = PBXNativeTarget;
			buildConfigurationList = 7FCB023728D12E3300170919 /* Build configuration list for PBXNativeTarget "GitHub" */;
			buildPhases = (
				7FCB021F28D12E3100170919 /* Sources */,
				7FCB022028D12E3100170919 /* Frameworks */,
				7FCB022128D12E3100170919 /* Resources */,
			);
			buildRules = (
			);
			dependencies = (
			);
			name = GitHub;
			productName = GitHub;
			productReference = 7FCB022328D12E3100170919 /* GitHub.app */;
			productType = "com.apple.product-type.application";
		};
/* End PBXNativeTarget section */

/* Begin PBXProject section */
		7FCB021B28D12E3100170919 /* Project object */ = {
			isa = PBXProject;
			attributes = {
				BuildIndependentTargetsInParallel = 1;
				LastSwiftUpdateCheck = 1320;
				LastUpgradeCheck = 1320;
				TargetAttributes = {
					7FCB022228D12E3100170919 = {
						CreatedOnToolsVersion = 13.2.1;
					};
				};
			};
			buildConfigurationList = 7FCB021E28D12E3100170919 /* Build configuration list for PBXProject "GitHub" */;
			compatibilityVersion = "Xcode 13.0";
			developmentRegion = en;
			hasScannedForEncodings = 0;
			knownRegions = (
				en,
				Base,
			);
			mainGroup = 7FCB021A28D12E3100170919;
			productRefGroup = 7FCB022428D12E3100170919 /* Products */;
			projectDirPath = "";
			projectRoot = "";
			targets = (
				7FCB022228D12E3100170919 /* GitHub */,
			);
		};
/* End PBXProject section */

/* Begin PBXResourcesBuildPhase section */
		7FCB022128D12E3100170919 /* Resources */ = {
			isa = PBXResourcesBuildPhase;
			buildActionMask = 2147483647;
			files = (
				7FCB023328D12E3300170919 /* LaunchScreen.storyboard in Resources */,
				7FCB023028D12E3300170919 /* Assets.xcassets in Resources */,
			);
			runOnlyForDeploymentPostprocessing = 0;
		};
/* End PBXResourcesBuildPhase section */

/* Begin PBXSourcesBuildPhase section */
		7FCB021F28D12E3100170919 /* Sources */ = {
			isa = PBXSourcesBuildPhase;
			buildActionMask = 2147483647;
			files = (
				7FA74A9A28D2852E0063B584 /* GFTextField.swift in Sources */,
				7FCB024028D1346500170919 /* FavoritesVC.swift in Sources */,
				7FD27F6528E0ED6E00853CDC /* GFItemInfoView.swift in Sources */,
				7F7752B328D7B99500CEDD24 /* FollowerCell.swift in Sources */,
				7F41D2A528D3D5B400180695 /* UIViewController+ Ext.swift in Sources */,
				7FA74A9828D281EE0063B584 /* GFButton.swift in Sources */,
				7FD27F6928E1E53300853CDC /* GFItemInfoVC.swift in Sources */,
				7FCB023E28D1343900170919 /* SearchVC.swift in Sources */,
				7F41D2A328D3CF9B00180695 /* GFAlertVC.swift in Sources */,
				7FEE742D28D5E01400C43D58 /* NetworkManger.swift in Sources */,
				7F67E4BA28DF6EED0074A0A1 /* User.swift in Sources */,
				7FD27F6D28E1F6F900853CDC /* GFFollowerItemVC.swift in Sources */,
				7F6971C228E7706500B7E6D7 /* PersitenceManger.swift in Sources */,
				7F6971C428E781DD00B7E6D7 /* FavoriteCell.swift in Sources */,
				7FEE742F28D5E30000C43D58 /* Follower.swift in Sources */,
				7F6971C928E798D200B7E6D7 /* GFTabBarController.swift in Sources */,
				7FD27F6728E0FA7E00853CDC /* Constant.swift in Sources */,
				7F67E4B628DF39AA0074A0A1 /* GFEmptyStateView.swift in Sources */,
				7F67E4BC28E075EF0074A0A1 /* GFUserInfoHeaderVC.swift in Sources */,
				7F6971CD28E7AD8F00B7E6D7 /* GFDataLoadingVC.swift in Sources */,
				7FEE743228D5E4EC00C43D58 /* ErrorMessage.swift in Sources */,
				7F6971CB28E7A4CF00B7E6D7 /* GFAlertContainerView.swift in Sources */,
				7F41D2A128D3CEE300180695 /* GFBodyLabel.swift in Sources */,
				7FA74A9E28D2A10F0063B584 /* GFTitleLabel.swift in Sources */,
				7FD27F7028E1FEB300853CDC /* Date+Ext.swift in Sources */,
				7F67E4BE28E076620074A0A1 /* GFSecondaryTitleLabel.swift in Sources */,
				7F67E4B828DF52080074A0A1 /* UserInfoVC.swift in Sources */,
				7FA74A9C28D293700063B584 /* FollowerListVC.swift in Sources */,
				7F852CD128D9DF660052559D /* HelperUI.swift in Sources */,
				7F7752B528D7BA3500CEDD24 /* AvatarImageView.swift in Sources */,
				7FCB022728D12E3100170919 /* AppDelegate.swift in Sources */,
				7FD27F6B28E1F19B00853CDC /* GFRepoItemVC.swift in Sources */,
				7FCB022928D12E3100170919 /* SceneDelegate.swift in Sources */,
			);
			runOnlyForDeploymentPostprocessing = 0;
		};
/* End PBXSourcesBuildPhase section */

/* Begin PBXVariantGroup section */
		7FCB023128D12E3300170919 /* LaunchScreen.storyboard */ = {
			isa = PBXVariantGroup;
			children = (
				7FCB023228D12E3300170919 /* Base */,
			);
			name = LaunchScreen.storyboard;
			sourceTree = "<group>";
		};
/* End PBXVariantGroup section */

/* Begin XCBuildConfiguration section */
		7FCB023528D12E3300170919 /* Debug */ = {
			isa = XCBuildConfiguration;
			buildSettings = {
				ALWAYS_SEARCH_USER_PATHS = NO;
				CLANG_ANALYZER_NONNULL = YES;
				CLANG_ANALYZER_NUMBER_OBJECT_CONVERSION = YES_AGGRESSIVE;
				CLANG_CXX_LANGUAGE_STANDARD = "gnu++17";
				CLANG_CXX_LIBRARY = "libc++";
				CLANG_ENABLE_MODULES = YES;
				CLANG_ENABLE_OBJC_ARC = YES;
				CLANG_ENABLE_OBJC_WEAK = YES;
				CLANG_WARN_BLOCK_CAPTURE_AUTORELEASING = YES;
				CLANG_WARN_BOOL_CONVERSION = YES;
				CLANG_WARN_COMMA = YES;
				CLANG_WARN_CONSTANT_CONVERSION = YES;
				CLANG_WARN_DEPRECATED_OBJC_IMPLEMENTATIONS = YES;
				CLANG_WARN_DIRECT_OBJC_ISA_USAGE = YES_ERROR;
				CLANG_WARN_DOCUMENTATION_COMMENTS = YES;
				CLANG_WARN_EMPTY_BODY = YES;
				CLANG_WARN_ENUM_CONVERSION = YES;
				CLANG_WARN_INFINITE_RECURSION = YES;
				CLANG_WARN_INT_CONVERSION = YES;
				CLANG_WARN_NON_LITERAL_NULL_CONVERSION = YES;
				CLANG_WARN_OBJC_IMPLICIT_RETAIN_SELF = YES;
				CLANG_WARN_OBJC_LITERAL_CONVERSION = YES;
				CLANG_WARN_OBJC_ROOT_CLASS = YES_ERROR;
				CLANG_WARN_QUOTED_INCLUDE_IN_FRAMEWORK_HEADER = YES;
				CLANG_WARN_RANGE_LOOP_ANALYSIS = YES;
				CLANG_WARN_STRICT_PROTOTYPES = YES;
				CLANG_WARN_SUSPICIOUS_MOVE = YES;
				CLANG_WARN_UNGUARDED_AVAILABILITY = YES_AGGRESSIVE;
				CLANG_WARN_UNREACHABLE_CODE = YES;
				CLANG_WARN__DUPLICATE_METHOD_MATCH = YES;
				COPY_PHASE_STRIP = NO;
				DEBUG_INFORMATION_FORMAT = dwarf;
				ENABLE_STRICT_OBJC_MSGSEND = YES;
				ENABLE_TESTABILITY = YES;
				GCC_C_LANGUAGE_STANDARD = gnu11;
				GCC_DYNAMIC_NO_PIC = NO;
				GCC_NO_COMMON_BLOCKS = YES;
				GCC_OPTIMIZATION_LEVEL = 0;
				GCC_PREPROCESSOR_DEFINITIONS = (
					"DEBUG=1",
					"$(inherited)",
				);
				GCC_WARN_64_TO_32_BIT_CONVERSION = YES;
				GCC_WARN_ABOUT_RETURN_TYPE = YES_ERROR;
				GCC_WARN_UNDECLARED_SELECTOR = YES;
				GCC_WARN_UNINITIALIZED_AUTOS = YES_AGGRESSIVE;
				GCC_WARN_UNUSED_FUNCTION = YES;
				GCC_WARN_UNUSED_VARIABLE = YES;
				IPHONEOS_DEPLOYMENT_TARGET = 15.2;
				MTL_ENABLE_DEBUG_INFO = INCLUDE_SOURCE;
				MTL_FAST_MATH = YES;
				ONLY_ACTIVE_ARCH = YES;
				SDKROOT = iphoneos;
				SWIFT_ACTIVE_COMPILATION_CONDITIONS = DEBUG;
				SWIFT_OPTIMIZATION_LEVEL = "-Onone";
			};
			name = Debug;
		};
		7FCB023628D12E3300170919 /* Release */ = {
			isa = XCBuildConfiguration;
			buildSettings = {
				ALWAYS_SEARCH_USER_PATHS = NO;
				CLANG_ANALYZER_NONNULL = YES;
				CLANG_ANALYZER_NUMBER_OBJECT_CONVERSION = YES_AGGRESSIVE;
				CLANG_CXX_LANGUAGE_STANDARD = "gnu++17";
				CLANG_CXX_LIBRARY = "libc++";
				CLANG_ENABLE_MODULES = YES;
				CLANG_ENABLE_OBJC_ARC = YES;
				CLANG_ENABLE_OBJC_WEAK = YES;
				CLANG_WARN_BLOCK_CAPTURE_AUTORELEASING = YES;
				CLANG_WARN_BOOL_CONVERSION = YES;
				CLANG_WARN_COMMA = YES;
				CLANG_WARN_CONSTANT_CONVERSION = YES;
				CLANG_WARN_DEPRECATED_OBJC_IMPLEMENTATIONS = YES;
				CLANG_WARN_DIRECT_OBJC_ISA_USAGE = YES_ERROR;
				CLANG_WARN_DOCUMENTATION_COMMENTS = YES;
				CLANG_WARN_EMPTY_BODY = YES;
				CLANG_WARN_ENUM_CONVERSION = YES;
				CLANG_WARN_INFINITE_RECURSION = YES;
				CLANG_WARN_INT_CONVERSION = YES;
				CLANG_WARN_NON_LITERAL_NULL_CONVERSION = YES;
				CLANG_WARN_OBJC_IMPLICIT_RETAIN_SELF = YES;
				CLANG_WARN_OBJC_LITERAL_CONVERSION = YES;
				CLANG_WARN_OBJC_ROOT_CLASS = YES_ERROR;
				CLANG_WARN_QUOTED_INCLUDE_IN_FRAMEWORK_HEADER = YES;
				CLANG_WARN_RANGE_LOOP_ANALYSIS = YES;
				CLANG_WARN_STRICT_PROTOTYPES = YES;
				CLANG_WARN_SUSPICIOUS_MOVE = YES;
				CLANG_WARN_UNGUARDED_AVAILABILITY = YES_AGGRESSIVE;
				CLANG_WARN_UNREACHABLE_CODE = YES;
				CLANG_WARN__DUPLICATE_METHOD_MATCH = YES;
				COPY_PHASE_STRIP = NO;
				DEBUG_INFORMATION_FORMAT = "dwarf-with-dsym";
				ENABLE_NS_ASSERTIONS = NO;
				ENABLE_STRICT_OBJC_MSGSEND = YES;
				GCC_C_LANGUAGE_STANDARD = gnu11;
				GCC_NO_COMMON_BLOCKS = YES;
				GCC_WARN_64_TO_32_BIT_CONVERSION = YES;
				GCC_WARN_ABOUT_RETURN_TYPE = YES_ERROR;
				GCC_WARN_UNDECLARED_SELECTOR = YES;
				GCC_WARN_UNINITIALIZED_AUTOS = YES_AGGRESSIVE;
				GCC_WARN_UNUSED_FUNCTION = YES;
				GCC_WARN_UNUSED_VARIABLE = YES;
				IPHONEOS_DEPLOYMENT_TARGET = 15.2;
				MTL_ENABLE_DEBUG_INFO = NO;
				MTL_FAST_MATH = YES;
				SDKROOT = iphoneos;
				SWIFT_COMPILATION_MODE = wholemodule;
				SWIFT_OPTIMIZATION_LEVEL = "-O";
				VALIDATE_PRODUCT = YES;
			};
			name = Release;
		};
		7FCB023828D12E3300170919 /* Debug */ = {
			isa = XCBuildConfiguration;
			buildSettings = {
				ASSETCATALOG_COMPILER_APPICON_NAME = AppIcon;
				ASSETCATALOG_COMPILER_GLOBAL_ACCENT_COLOR_NAME = AccentColor;
				CODE_SIGN_STYLE = Automatic;
				CURRENT_PROJECT_VERSION = 1;
				DEVELOPMENT_TEAM = 475V82HT95;
				GENERATE_INFOPLIST_FILE = YES;
				INFOPLIST_FILE = GitHub/Info.plist;
				INFOPLIST_KEY_UIApplicationSupportsIndirectInputEvents = YES;
				INFOPLIST_KEY_UILaunchStoryboardName = LaunchScreen;
				INFOPLIST_KEY_UISupportedInterfaceOrientations = UIInterfaceOrientationPortrait;
				INFOPLIST_KEY_UISupportedInterfaceOrientations_iPad = "UIInterfaceOrientationPortrait UIInterfaceOrientationPortraitUpsideDown UIInterfaceOrientationLandscapeLeft UIInterfaceOrientationLandscapeRight";
				INFOPLIST_KEY_UISupportedInterfaceOrientations_iPhone = "UIInterfaceOrientationPortrait UIInterfaceOrientationLandscapeLeft UIInterfaceOrientationLandscapeRight";
				IPHONEOS_DEPLOYMENT_TARGET = 16.0;
				LD_RUNPATH_SEARCH_PATHS = (
					"$(inherited)",
					"@executable_path/Frameworks",
				);
				MARKETING_VERSION = 1.0;
				PRODUCT_BUNDLE_IDENTIFIER = "abdalazem-saleh.GitHub";
				PRODUCT_NAME = "$(TARGET_NAME)";
				SWIFT_EMIT_LOC_STRINGS = YES;
				SWIFT_VERSION = 5.0;
				TARGETED_DEVICE_FAMILY = 1;
			};
			name = Debug;
		};
		7FCB023928D12E3300170919 /* Release */ = {
			isa = XCBuildConfiguration;
			buildSettings = {
				ASSETCATALOG_COMPILER_APPICON_NAME = AppIcon;
				ASSETCATALOG_COMPILER_GLOBAL_ACCENT_COLOR_NAME = AccentColor;
				CODE_SIGN_STYLE = Automatic;
				CURRENT_PROJECT_VERSION = 1;
				DEVELOPMENT_TEAM = 475V82HT95;
				GENERATE_INFOPLIST_FILE = YES;
				INFOPLIST_FILE = GitHub/Info.plist;
				INFOPLIST_KEY_UIApplicationSupportsIndirectInputEvents = YES;
				INFOPLIST_KEY_UILaunchStoryboardName = LaunchScreen;
				INFOPLIST_KEY_UISupportedInterfaceOrientations = UIInterfaceOrientationPortrait;
				INFOPLIST_KEY_UISupportedInterfaceOrientations_iPad = "UIInterfaceOrientationPortrait UIInterfaceOrientationPortraitUpsideDown UIInterfaceOrientationLandscapeLeft UIInterfaceOrientationLandscapeRight";
				INFOPLIST_KEY_UISupportedInterfaceOrientations_iPhone = "UIInterfaceOrientationPortrait UIInterfaceOrientationLandscapeLeft UIInterfaceOrientationLandscapeRight";
				IPHONEOS_DEPLOYMENT_TARGET = 16.0;
				LD_RUNPATH_SEARCH_PATHS = (
					"$(inherited)",
					"@executable_path/Frameworks",
				);
				MARKETING_VERSION = 1.0;
				PRODUCT_BUNDLE_IDENTIFIER = "abdalazem-saleh.GitHub";
				PRODUCT_NAME = "$(TARGET_NAME)";
				SWIFT_EMIT_LOC_STRINGS = YES;
				SWIFT_VERSION = 5.0;
				TARGETED_DEVICE_FAMILY = 1;
			};
			name = Release;
		};
/* End XCBuildConfiguration section */

/* Begin XCConfigurationList section */
		7FCB021E28D12E3100170919 /* Build configuration list for PBXProject "GitHub" */ = {
			isa = XCConfigurationList;
			buildConfigurations = (
				7FCB023528D12E3300170919 /* Debug */,
				7FCB023628D12E3300170919 /* Release */,
			);
			defaultConfigurationIsVisible = 0;
			defaultConfigurationName = Release;
		};
		7FCB023728D12E3300170919 /* Build configuration list for PBXNativeTarget "GitHub" */ = {
			isa = XCConfigurationList;
			buildConfigurations = (
				7FCB023828D12E3300170919 /* Debug */,
				7FCB023928D12E3300170919 /* Release */,
			);
			defaultConfigurationIsVisible = 0;
			defaultConfigurationName = Release;
		};
/* End XCConfigurationList section */
	};
	rootObject = 7FCB021B28D12E3100170919 /* Project object */;
}
